
Microsoft Visual Studio Solution File, Format Version 12.00
# Visual Studio Version 16
VisualStudioVersion = 16.0.30330.147
MinimumVisualStudioVersion = 10.0.40219.1
Project("{FAE04EC0-301F-11D3-BF4B-00C04F79EFBC}") = "WeatherMonitoringStation.BL", "WeatherMonitoringStation.BL\WeatherMonitoringStation.BL.csproj", "{D2472F53-1360-442A-8904-9731D1A1DE80}"
EndProject
Project("{FAE04EC0-301F-11D3-BF4B-00C04F79EFBC}") = "WeatherMonitoringStation.DAL", "WeatherMonitoringStation.DAL\WeatherMonitoringStation.DAL.csproj", "{053686F4-6CB4-4150-9E10-E6249BEB0E7E}"
EndProject
Project("{FAE04EC0-301F-11D3-BF4B-00C04F79EFBC}") = "WeatherMonitoringStation", "WeatherMonitoringStation\WeatherMonitoringStation.csproj", "{802CFB33-B338-4138-B107-719BFCE2E1CB}"
EndProject
Global
	GlobalSection(SolutionConfigurationPlatforms) = preSolution
		Debug|Any CPU = Debug|Any CPU
		Release|Any CPU = Release|Any CPU
	EndGlobalSection
	GlobalSection(ProjectConfigurationPlatforms) = postSolution
		{D2472F53-1360-442A-8904-9731D1A1DE80}.Debug|Any CPU.ActiveCfg = Debug|Any CPU
		{D2472F53-1360-442A-8904-9731D1A1DE80}.Debug|Any CPU.Build.0 = Debug|Any CPU
		{D2472F53-1360-442A-8904-9731D1A1DE80}.Release|Any CPU.ActiveCfg = Release|Any CPU
		{D2472F53-1360-442A-8904-9731D1A1DE80}.Release|Any CPU.Build.0 = Release|Any CPU
		{053686F4-6CB4-4150-9E10-E6249BEB0E7E}.Debug|Any CPU.ActiveCfg = Debug|Any CPU
		{053686F4-6CB4-4150-9E10-E6249BEB0E7E}.Debug|Any CPU.Build.0 = Debug|Any CPU
		{053686F4-6CB4-4150-9E10-E6249BEB0E7E}.Release|Any CPU.ActiveCfg = Release|Any CPU
		{053686F4-6CB4-4150-9E10-E6249BEB0E7E}.Release|Any CPU.Build.0 = Release|Any CPU
		{802CFB33-B338-4138-B107-719BFCE2E1CB}.Debug|Any CPU.ActiveCfg = Debug|Any CPU
		{802CFB33-B338-4138-B107-719BFCE2E1CB}.Debug|Any CPU.Build.0 = Debug|Any CPU
		{802CFB33-B338-4138-B107-719BFCE2E1CB}.Release|Any CPU.ActiveCfg = Release|Any CPU
		{802CFB33-B338-4138-B107-719BFCE2E1CB}.Release|Any CPU.Build.0 = Release|Any CPU
	EndGlobalSection
	GlobalSection(SolutionProperties) = preSolution
		HideSolutionNode = FALSE
	EndGlobalSection
	GlobalSection(ExtensibilityGlobals) = postSolution
		SolutionGuid = {72A43F66-BB00-44D6-ACB9-D195B0D392B4}
	EndGlobalSection
EndGlobal
