
Microsoft Visual Studio Solution File, Format Version 12.00
# Visual Studio Version 16
VisualStudioVersion = 16.0.30128.36
MinimumVisualStudioVersion = 10.0.40219.1
Project("{FAE04EC0-301F-11D3-BF4B-00C04F79EFBC}") = "Lesson4", "Lesson4.csproj", "{9951985B-2A3A-440C-95A8-BEBB2A1591E8}"
EndProject
Global
	GlobalSection(SolutionConfigurationPlatforms) = preSolution
		Debug|Any CPU = Debug|Any CPU
		Release|Any CPU = Release|Any CPU
	EndGlobalSection
	GlobalSection(ProjectConfigurationPlatforms) = postSolution
		{9951985B-2A3A-440C-95A8-BEBB2A1591E8}.Debug|Any CPU.ActiveCfg = Debug|Any CPU
		{9951985B-2A3A-440C-95A8-BEBB2A1591E8}.Debug|Any CPU.Build.0 = Debug|Any CPU
		{9951985B-2A3A-440C-95A8-BEBB2A1591E8}.Release|Any CPU.ActiveCfg = Release|Any CPU
		{9951985B-2A3A-440C-95A8-BEBB2A1591E8}.Release|Any CPU.Build.0 = Release|Any CPU
	EndGlobalSection
	GlobalSection(SolutionProperties) = preSolution
		HideSolutionNode = FALSE
	EndGlobalSection
	GlobalSection(ExtensibilityGlobals) = postSolution
		SolutionGuid = {90D4843B-472F-412E-B692-663DBB16FFA0}
	EndGlobalSection
EndGlobal
