
Microsoft Visual Studio Solution File, Format Version 12.00
# Visual Studio Version 16
VisualStudioVersion = 16.0.30330.147
MinimumVisualStudioVersion = 10.0.40219.1
Project("{FAE04EC0-301F-11D3-BF4B-00C04F79EFBC}") = "Lesson7", "Lesson7\Lesson7.csproj", "{C0F7DE55-4986-4A22-ABB9-853359CB831E}"
EndProject
Global
	GlobalSection(SolutionConfigurationPlatforms) = preSolution
		Debug|Any CPU = Debug|Any CPU
		Release|Any CPU = Release|Any CPU
	EndGlobalSection
	GlobalSection(ProjectConfigurationPlatforms) = postSolution
		{C0F7DE55-4986-4A22-ABB9-853359CB831E}.Debug|Any CPU.ActiveCfg = Debug|Any CPU
		{C0F7DE55-4986-4A22-ABB9-853359CB831E}.Debug|Any CPU.Build.0 = Debug|Any CPU
		{C0F7DE55-4986-4A22-ABB9-853359CB831E}.Release|Any CPU.ActiveCfg = Release|Any CPU
		{C0F7DE55-4986-4A22-ABB9-853359CB831E}.Release|Any CPU.Build.0 = Release|Any CPU
	EndGlobalSection
	GlobalSection(SolutionProperties) = preSolution
		HideSolutionNode = FALSE
	EndGlobalSection
	GlobalSection(ExtensibilityGlobals) = postSolution
		SolutionGuid = {C57650DF-3823-4608-99D9-4726E8C2FCA3}
	EndGlobalSection
EndGlobal
